
Microsoft Visual Studio Solution File, Format Version 12.00
# Visual Studio Version 17
VisualStudioVersion = 17.11.35327.3
MinimumVisualStudioVersion = 10.0.40219.1
Project("{FAE04EC0-301F-11D3-BF4B-00C04F79EFBC}") = "Training_RestSharpAutomationFramework", "Training_RestSharpAutomationFramework\Training_RestSharpAutomationFramework.csproj", "{01AF2276-D7DB-409B-BEE8-B41D70968F31}"
EndProject
Project("{FAE04EC0-301F-11D3-BF4B-00C04F79EFBC}") = "RestApiAutomationTest", "RestApiAutomationTest\RestApiAutomationTest.csproj", "{54E85B24-A9D0-4E7F-BF8F-7CA619F35759}"
EndProject
Project("{FAE04EC0-301F-11D3-BF4B-00C04F79EFBC}") = "RestApiAutomationBL", "RestApiAutomationBL\RestApiAutomationBL.csproj", "{1C477A1B-CA94-4FC3-92A3-5E972C3BDFD5}"
EndProject
Global
	GlobalSection(SolutionConfigurationPlatforms) = preSolution
		Debug|Any CPU = Debug|Any CPU
		Release|Any CPU = Release|Any CPU
	EndGlobalSection
	GlobalSection(ProjectConfigurationPlatforms) = postSolution
		{01AF2276-D7DB-409B-BEE8-B41D70968F31}.Debug|Any CPU.ActiveCfg = Debug|Any CPU
		{01AF2276-D7DB-409B-BEE8-B41D70968F31}.Debug|Any CPU.Build.0 = Debug|Any CPU
		{01AF2276-D7DB-409B-BEE8-B41D70968F31}.Release|Any CPU.ActiveCfg = Release|Any CPU
		{01AF2276-D7DB-409B-BEE8-B41D70968F31}.Release|Any CPU.Build.0 = Release|Any CPU
		{54E85B24-A9D0-4E7F-BF8F-7CA619F35759}.Debug|Any CPU.ActiveCfg = Debug|Any CPU
		{54E85B24-A9D0-4E7F-BF8F-7CA619F35759}.Debug|Any CPU.Build.0 = Debug|Any CPU
		{54E85B24-A9D0-4E7F-BF8F-7CA619F35759}.Release|Any CPU.ActiveCfg = Release|Any CPU
		{54E85B24-A9D0-4E7F-BF8F-7CA619F35759}.Release|Any CPU.Build.0 = Release|Any CPU
		{1C477A1B-CA94-4FC3-92A3-5E972C3BDFD5}.Debug|Any CPU.ActiveCfg = Debug|Any CPU
		{1C477A1B-CA94-4FC3-92A3-5E972C3BDFD5}.Debug|Any CPU.Build.0 = Debug|Any CPU
		{1C477A1B-CA94-4FC3-92A3-5E972C3BDFD5}.Release|Any CPU.ActiveCfg = Release|Any CPU
		{1C477A1B-CA94-4FC3-92A3-5E972C3BDFD5}.Release|Any CPU.Build.0 = Release|Any CPU
	EndGlobalSection
	GlobalSection(SolutionProperties) = preSolution
		HideSolutionNode = FALSE
	EndGlobalSection
	GlobalSection(ExtensibilityGlobals) = postSolution
		SolutionGuid = {30AF5332-5F78-45BA-832D-2BB9B7A02019}
	EndGlobalSection
EndGlobal
